
Microsoft Visual Studio Solution File, Format Version 12.00
# Visual Studio Version 17
VisualStudioVersion = 17.3.32929.385
MinimumVisualStudioVersion = 10.0.40219.1
Project("{9A19103F-16F7-4668-BE54-9A1E7A4F7556}") = "Forms", "Forms\Forms.csproj", "{3891BB36-BDC3-4F2E-ADBC-5FB11C844A5C}"
EndProject
Project("{9A19103F-16F7-4668-BE54-9A1E7A4F7556}") = "Domain", "Domain\Domain.csproj", "{238CFC73-9F3B-4947-9B77-87ED5B3B8CE6}"
EndProject
Project("{9A19103F-16F7-4668-BE54-9A1E7A4F7556}") = "ControllerAP", "ControllerAP\ControllerAP.csproj", "{C7540B24-426D-4B84-A8FB-7558B97974A8}"
EndProject
Project("{9A19103F-16F7-4668-BE54-9A1E7A4F7556}") = "BrokerDB", "BrokerDB\BrokerDB.csproj", "{67D9DB53-C43B-41F1-A84C-EA5E2B3A5F93}"
EndProject
Global
	GlobalSection(SolutionConfigurationPlatforms) = preSolution
		Debug|Any CPU = Debug|Any CPU
		Release|Any CPU = Release|Any CPU
	EndGlobalSection
	GlobalSection(ProjectConfigurationPlatforms) = postSolution
		{3891BB36-BDC3-4F2E-ADBC-5FB11C844A5C}.Debug|Any CPU.ActiveCfg = Debug|Any CPU
		{3891BB36-BDC3-4F2E-ADBC-5FB11C844A5C}.Debug|Any CPU.Build.0 = Debug|Any CPU
		{3891BB36-BDC3-4F2E-ADBC-5FB11C844A5C}.Release|Any CPU.ActiveCfg = Release|Any CPU
		{3891BB36-BDC3-4F2E-ADBC-5FB11C844A5C}.Release|Any CPU.Build.0 = Release|Any CPU
		{238CFC73-9F3B-4947-9B77-87ED5B3B8CE6}.Debug|Any CPU.ActiveCfg = Debug|Any CPU
		{238CFC73-9F3B-4947-9B77-87ED5B3B8CE6}.Debug|Any CPU.Build.0 = Debug|Any CPU
		{238CFC73-9F3B-4947-9B77-87ED5B3B8CE6}.Release|Any CPU.ActiveCfg = Release|Any CPU
		{238CFC73-9F3B-4947-9B77-87ED5B3B8CE6}.Release|Any CPU.Build.0 = Release|Any CPU
		{C7540B24-426D-4B84-A8FB-7558B97974A8}.Debug|Any CPU.ActiveCfg = Debug|Any CPU
		{C7540B24-426D-4B84-A8FB-7558B97974A8}.Debug|Any CPU.Build.0 = Debug|Any CPU
		{C7540B24-426D-4B84-A8FB-7558B97974A8}.Release|Any CPU.ActiveCfg = Release|Any CPU
		{C7540B24-426D-4B84-A8FB-7558B97974A8}.Release|Any CPU.Build.0 = Release|Any CPU
		{67D9DB53-C43B-41F1-A84C-EA5E2B3A5F93}.Debug|Any CPU.ActiveCfg = Debug|Any CPU
		{67D9DB53-C43B-41F1-A84C-EA5E2B3A5F93}.Debug|Any CPU.Build.0 = Debug|Any CPU
		{67D9DB53-C43B-41F1-A84C-EA5E2B3A5F93}.Release|Any CPU.ActiveCfg = Release|Any CPU
		{67D9DB53-C43B-41F1-A84C-EA5E2B3A5F93}.Release|Any CPU.Build.0 = Release|Any CPU
	EndGlobalSection
	GlobalSection(SolutionProperties) = preSolution
		HideSolutionNode = FALSE
	EndGlobalSection
	GlobalSection(ExtensibilityGlobals) = postSolution
		SolutionGuid = {11D1DA28-3196-4208-B8A8-1B1C77995854}
	EndGlobalSection
EndGlobal
